
Microsoft Visual Studio Solution File, Format Version 12.00
# Visual Studio 15
VisualStudioVersion = 15.0.27130.0
MinimumVisualStudioVersion = 10.0.40219.1
Project("{FAE04EC0-301F-11D3-BF4B-00C04F79EFBC}") = "Lab3", "IvanLab3\Lab3.csproj", "{5BE4D4A5-B652-4252-91F1-D301D375ACAB}"
EndProject
Project("{FAE04EC0-301F-11D3-BF4B-00C04F79EFBC}") = "DALlab3", "DALlab3\DALlab3.csproj", "{CE1229EA-A989-4E91-8E98-A0866685F9B1}"
EndProject
Global
	GlobalSection(SolutionConfigurationPlatforms) = preSolution
		Debug|Any CPU = Debug|Any CPU
		Release|Any CPU = Release|Any CPU
	EndGlobalSection
	GlobalSection(ProjectConfigurationPlatforms) = postSolution
		{5BE4D4A5-B652-4252-91F1-D301D375ACAB}.Debug|Any CPU.ActiveCfg = Debug|Any CPU
		{5BE4D4A5-B652-4252-91F1-D301D375ACAB}.Debug|Any CPU.Build.0 = Debug|Any CPU
		{5BE4D4A5-B652-4252-91F1-D301D375ACAB}.Release|Any CPU.ActiveCfg = Release|Any CPU
		{5BE4D4A5-B652-4252-91F1-D301D375ACAB}.Release|Any CPU.Build.0 = Release|Any CPU
		{CE1229EA-A989-4E91-8E98-A0866685F9B1}.Debug|Any CPU.ActiveCfg = Debug|Any CPU
		{CE1229EA-A989-4E91-8E98-A0866685F9B1}.Debug|Any CPU.Build.0 = Debug|Any CPU
		{CE1229EA-A989-4E91-8E98-A0866685F9B1}.Release|Any CPU.ActiveCfg = Release|Any CPU
		{CE1229EA-A989-4E91-8E98-A0866685F9B1}.Release|Any CPU.Build.0 = Release|Any CPU
	EndGlobalSection
	GlobalSection(SolutionProperties) = preSolution
		HideSolutionNode = FALSE
	EndGlobalSection
	GlobalSection(ExtensibilityGlobals) = postSolution
		SolutionGuid = {EEDC2ED4-8972-423A-8D91-1C34683543AE}
	EndGlobalSection
EndGlobal
